// !$*UTF8*$!
{
	archiveVersion = 1;
	classes = {
	};
	objectVersion = 46;
	objects = {

/* Begin PBXFileReference section */
		D87E59A91ABB567E0092999E /* PyQtX.py */ = {isa = PBXFileReference; fileEncoding = 4; lastKnownFileType = text.script.python; path = PyQtX.py; sourceTree = "<group>"; };
		D87E59AD1ABB59900092999E /* mainwindow.ui */ = {isa = PBXFileReference; fileEncoding = 4; lastKnownFileType = text.xml; name = mainwindow.ui; path = ui/mainwindow.ui; sourceTree = "<group>"; };
		D87E59AF1ABB6C140092999E /* Game.ui */ = {isa = PBXFileReference; fileEncoding = 4; lastKnownFileType = text.xml; name = Game.ui; path = ui/Game.ui; sourceTree = "<group>"; };
		D87E59B01ABB6C140092999E /* NewGameDialog.ui */ = {isa = PBXFileReference; fileEncoding = 4; lastKnownFileType = text.xml; name = NewGameDialog.ui; path = ui/NewGameDialog.ui; sourceTree = "<group>"; };
		D87E59B51ABB6C5F0092999E /* Game.py */ = {isa = PBXFileReference; fileEncoding = 4; lastKnownFileType = text.script.python; path = Game.py; sourceTree = "<group>"; };
		D87E59B61ABB6C5F0092999E /* mainwindow.py */ = {isa = PBXFileReference; fileEncoding = 4; lastKnownFileType = text.script.python; path = mainwindow.py; sourceTree = "<group>"; };
		D87E59B71ABB6C5F0092999E /* NewGameDialog.py */ = {isa = PBXFileReference; fileEncoding = 4; lastKnownFileType = text.script.python; path = NewGameDialog.py; sourceTree = "<group>"; };
		D87E59B81ABB6C5F0092999E /* Tile.py */ = {isa = PBXFileReference; fileEncoding = 4; lastKnownFileType = text.script.python; path = Tile.py; sourceTree = "<group>"; };
		D87E59B91ABB6C5F0092999E /* utilities.py */ = {isa = PBXFileReference; fileEncoding = 4; lastKnownFileType = text.script.python; path = utilities.py; sourceTree = "<group>"; };
/* End PBXFileReference section */

/* Begin PBXGroup section */
		D87E599E1ABB55400092999E = {
			isa = PBXGroup;
			children = (
				D87E59B51ABB6C5F0092999E /* Game.py */,
				D87E59B61ABB6C5F0092999E /* mainwindow.py */,
				D87E59B71ABB6C5F0092999E /* NewGameDialog.py */,
				D87E59B81ABB6C5F0092999E /* Tile.py */,
				D87E59B91ABB6C5F0092999E /* utilities.py */,
				D87E59AE1ABB59940092999E /* ui */,
				D87E59A91ABB567E0092999E /* PyQtX.py */,
			);
			sourceTree = "<group>";
		};
		D87E59AE1ABB59940092999E /* ui */ = {
			isa = PBXGroup;
			children = (
				D87E59AF1ABB6C140092999E /* Game.ui */,
				D87E59B01ABB6C140092999E /* NewGameDialog.ui */,
				D87E59AD1ABB59900092999E /* mainwindow.ui */,
			);
			name = ui;
			sourceTree = "<group>";
		};
/* End PBXGroup section */

/* Begin PBXLegacyTarget section */
		D87E59A31ABB55400092999E /* PyQtX */ = {
			isa = PBXLegacyTarget;
			buildArgumentsString = "$(ACTION)";
			buildConfigurationList = D87E59A61ABB55400092999E /* Build configuration list for PBXLegacyTarget "PyQtX" */;
			buildPhases = (
			);
			buildToolPath = /usr/local/bin/python3;
			dependencies = (
			);
			name = PyQtX;
			passBuildSettingsInEnvironment = 1;
			productName = PyQtX;
		};
/* End PBXLegacyTarget section */

/* Begin PBXProject section */
		D87E599F1ABB55400092999E /* Project object */ = {
			isa = PBXProject;
			attributes = {
				LastUpgradeCheck = 0620;
				ORGANIZATIONNAME = "Andreas Schulz";
				TargetAttributes = {
					D87E59A31ABB55400092999E = {
						CreatedOnToolsVersion = 6.2;
					};
				};
			};
			buildConfigurationList = D87E59A21ABB55400092999E /* Build configuration list for PBXProject "PyQtX" */;
			compatibilityVersion = "Xcode 3.2";
			developmentRegion = English;
			hasScannedForEncodings = 0;
			knownRegions = (
				en,
			);
			mainGroup = D87E599E1ABB55400092999E;
			projectDirPath = "";
			projectRoot = "";
			targets = (
				D87E59A31ABB55400092999E /* PyQtX */,
			);
		};
/* End PBXProject section */

/* Begin XCBuildConfiguration section */
		D87E59A41ABB55400092999E /* Debug */ = {
			isa = XCBuildConfiguration;
			buildSettings = {
				ALWAYS_SEARCH_USER_PATHS = NO;
				CLANG_CXX_LANGUAGE_STANDARD = "gnu++0x";
				CLANG_CXX_LIBRARY = "libc++";
				CLANG_ENABLE_MODULES = YES;
				CLANG_ENABLE_OBJC_ARC = YES;
				CLANG_WARN_BOOL_CONVERSION = YES;
				CLANG_WARN_CONSTANT_CONVERSION = YES;
				CLANG_WARN_DIRECT_OBJC_ISA_USAGE = YES_ERROR;
				CLANG_WARN_EMPTY_BODY = YES;
				CLANG_WARN_ENUM_CONVERSION = YES;
				CLANG_WARN_INT_CONVERSION = YES;
				CLANG_WARN_OBJC_ROOT_CLASS = YES_ERROR;
				CLANG_WARN_UNREACHABLE_CODE = YES;
				CLANG_WARN__DUPLICATE_METHOD_MATCH = YES;
				COPY_PHASE_STRIP = NO;
				ENABLE_STRICT_OBJC_MSGSEND = YES;
				GCC_C_LANGUAGE_STANDARD = gnu99;
				GCC_DYNAMIC_NO_PIC = NO;
				GCC_OPTIMIZATION_LEVEL = 0;
				GCC_PREPROCESSOR_DEFINITIONS = (
					"DEBUG=1",
					"$(inherited)",
				);
				GCC_SYMBOLS_PRIVATE_EXTERN = NO;
				GCC_WARN_64_TO_32_BIT_CONVERSION = YES;
				GCC_WARN_ABOUT_RETURN_TYPE = YES_ERROR;
				GCC_WARN_UNDECLARED_SELECTOR = YES;
				GCC_WARN_UNINITIALIZED_AUTOS = YES_AGGRESSIVE;
				GCC_WARN_UNUSED_FUNCTION = YES;
				GCC_WARN_UNUSED_VARIABLE = YES;
				MACOSX_DEPLOYMENT_TARGET = 10.10;
				MTL_ENABLE_DEBUG_INFO = YES;
				ONLY_ACTIVE_ARCH = YES;
				SDKROOT = macosx;
			};
			name = Debug;
		};
		D87E59A51ABB55400092999E /* Release */ = {
			isa = XCBuildConfiguration;
			buildSettings = {
				ALWAYS_SEARCH_USER_PATHS = NO;
				CLANG_CXX_LANGUAGE_STANDARD = "gnu++0x";
				CLANG_CXX_LIBRARY = "libc++";
				CLANG_ENABLE_MODULES = YES;
				CLANG_ENABLE_OBJC_ARC = YES;
				CLANG_WARN_BOOL_CONVERSION = YES;
				CLANG_WARN_CONSTANT_CONVERSION = YES;
				CLANG_WARN_DIRECT_OBJC_ISA_USAGE = YES_ERROR;
				CLANG_WARN_EMPTY_BODY = YES;
				CLANG_WARN_ENUM_CONVERSION = YES;
				CLANG_WARN_INT_CONVERSION = YES;
				CLANG_WARN_OBJC_ROOT_CLASS = YES_ERROR;
				CLANG_WARN_UNREACHABLE_CODE = YES;
				CLANG_WARN__DUPLICATE_METHOD_MATCH = YES;
				COPY_PHASE_STRIP = NO;
				DEBUG_INFORMATION_FORMAT = "dwarf-with-dsym";
				ENABLE_NS_ASSERTIONS = NO;
				ENABLE_STRICT_OBJC_MSGSEND = YES;
				GCC_C_LANGUAGE_STANDARD = gnu99;
				GCC_WARN_64_TO_32_BIT_CONVERSION = YES;
				GCC_WARN_ABOUT_RETURN_TYPE = YES_ERROR;
				GCC_WARN_UNDECLARED_SELECTOR = YES;
				GCC_WARN_UNINITIALIZED_AUTOS = YES_AGGRESSIVE;
				GCC_WARN_UNUSED_FUNCTION = YES;
				GCC_WARN_UNUSED_VARIABLE = YES;
				MACOSX_DEPLOYMENT_TARGET = 10.10;
				MTL_ENABLE_DEBUG_INFO = NO;
				SDKROOT = macosx;
			};
			name = Release;
		};
		D87E59A71ABB55400092999E /* Debug */ = {
			isa = XCBuildConfiguration;
			buildSettings = {
				DEBUGGING_SYMBOLS = YES;
				GCC_GENERATE_DEBUGGING_SYMBOLS = YES;
				GCC_OPTIMIZATION_LEVEL = 0;
				OTHER_CFLAGS = "";
				OTHER_LDFLAGS = "";
				PRODUCT_NAME = "$(TARGET_NAME)";
			};
			name = Debug;
		};
		D87E59A81ABB55400092999E /* Release */ = {
			isa = XCBuildConfiguration;
			buildSettings = {
				OTHER_CFLAGS = "";
				OTHER_LDFLAGS = "";
				PRODUCT_NAME = "$(TARGET_NAME)";
			};
			name = Release;
		};
/* End XCBuildConfiguration section */

/* Begin XCConfigurationList section */
		D87E59A21ABB55400092999E /* Build configuration list for PBXProject "PyQtX" */ = {
			isa = XCConfigurationList;
			buildConfigurations = (
				D87E59A41ABB55400092999E /* Debug */,
				D87E59A51ABB55400092999E /* Release */,
			);
			defaultConfigurationIsVisible = 0;
			defaultConfigurationName = Release;
		};
		D87E59A61ABB55400092999E /* Build configuration list for PBXLegacyTarget "PyQtX" */ = {
			isa = XCConfigurationList;
			buildConfigurations = (
				D87E59A71ABB55400092999E /* Debug */,
				D87E59A81ABB55400092999E /* Release */,
			);
			defaultConfigurationIsVisible = 0;
		};
/* End XCConfigurationList section */
	};
	rootObject = D87E599F1ABB55400092999E /* Project object */;
}
